
Microsoft Visual Studio Solution File, Format Version 12.00
# Visual Studio Version 17
VisualStudioVersion = 17.5.33530.505
MinimumVisualStudioVersion = 10.0.40219.1
Project("{FAE04EC0-301F-11D3-BF4B-00C04F79EFBC}") = "evalApp", "evalApp\evalApp.csproj", "{FA1573AC-E7FB-4FDA-B5B4-AD399E01701F}"
EndProject
Project("{FAE04EC0-301F-11D3-BF4B-00C04F79EFBC}") = "evalApp.Test", "evalApp.Test\evalApp.Test.csproj", "{0E440EEC-F177-4D1E-82DD-0B0B803ADED0}"
EndProject
Global
	GlobalSection(SolutionConfigurationPlatforms) = preSolution
		Debug|Any CPU = Debug|Any CPU
		Release|Any CPU = Release|Any CPU
	EndGlobalSection
	GlobalSection(ProjectConfigurationPlatforms) = postSolution
		{FA1573AC-E7FB-4FDA-B5B4-AD399E01701F}.Debug|Any CPU.ActiveCfg = Debug|Any CPU
		{FA1573AC-E7FB-4FDA-B5B4-AD399E01701F}.Debug|Any CPU.Build.0 = Debug|Any CPU
		{FA1573AC-E7FB-4FDA-B5B4-AD399E01701F}.Release|Any CPU.ActiveCfg = Release|Any CPU
		{FA1573AC-E7FB-4FDA-B5B4-AD399E01701F}.Release|Any CPU.Build.0 = Release|Any CPU
		{0E440EEC-F177-4D1E-82DD-0B0B803ADED0}.Debug|Any CPU.ActiveCfg = Debug|Any CPU
		{0E440EEC-F177-4D1E-82DD-0B0B803ADED0}.Debug|Any CPU.Build.0 = Debug|Any CPU
		{0E440EEC-F177-4D1E-82DD-0B0B803ADED0}.Release|Any CPU.ActiveCfg = Release|Any CPU
		{0E440EEC-F177-4D1E-82DD-0B0B803ADED0}.Release|Any CPU.Build.0 = Release|Any CPU
	EndGlobalSection
	GlobalSection(SolutionProperties) = preSolution
		HideSolutionNode = FALSE
	EndGlobalSection
	GlobalSection(ExtensibilityGlobals) = postSolution
		SolutionGuid = {6545BEAE-9B35-4458-B03E-BE3BA7C9D546}
	EndGlobalSection
EndGlobal
